
Microsoft Visual Studio Solution File, Format Version 12.00
# Visual Studio Version 16
VisualStudioVersion = 16.0.29209.62
MinimumVisualStudioVersion = 10.0.40219.1
Project("{9A19103F-16F7-4668-BE54-9A1E7A4F7556}") = "TakeOutTheTrash", "TakeOutTheTrash\TakeOutTheTrash.csproj", "{FBE2CBF9-C522-4C3C-8C5C-C2CBF7043CD3}"
EndProject
Project("{FAE04EC0-301F-11D3-BF4B-00C04F79EFBC}") = "TakeOutTheTrash.Tests", "TakeOutTheTrash.Tests\TakeOutTheTrash.Tests.csproj", "{CF278641-FFF2-4B89-A9E7-423357C75E96}"
EndProject
Global
	GlobalSection(SolutionConfigurationPlatforms) = preSolution
		Debug|Any CPU = Debug|Any CPU
		Release|Any CPU = Release|Any CPU
	EndGlobalSection
	GlobalSection(ProjectConfigurationPlatforms) = postSolution
		{FBE2CBF9-C522-4C3C-8C5C-C2CBF7043CD3}.Debug|Any CPU.ActiveCfg = Debug|Any CPU
		{FBE2CBF9-C522-4C3C-8C5C-C2CBF7043CD3}.Debug|Any CPU.Build.0 = Debug|Any CPU
		{FBE2CBF9-C522-4C3C-8C5C-C2CBF7043CD3}.Release|Any CPU.ActiveCfg = Release|Any CPU
		{FBE2CBF9-C522-4C3C-8C5C-C2CBF7043CD3}.Release|Any CPU.Build.0 = Release|Any CPU
		{CF278641-FFF2-4B89-A9E7-423357C75E96}.Debug|Any CPU.ActiveCfg = Debug|Any CPU
		{CF278641-FFF2-4B89-A9E7-423357C75E96}.Debug|Any CPU.Build.0 = Debug|Any CPU
		{CF278641-FFF2-4B89-A9E7-423357C75E96}.Release|Any CPU.ActiveCfg = Release|Any CPU
		{CF278641-FFF2-4B89-A9E7-423357C75E96}.Release|Any CPU.Build.0 = Release|Any CPU
	EndGlobalSection
	GlobalSection(SolutionProperties) = preSolution
		HideSolutionNode = FALSE
	EndGlobalSection
	GlobalSection(ExtensibilityGlobals) = postSolution
		SolutionGuid = {153C62C0-6B0D-4890-AB46-EFD7B50C46E5}
	EndGlobalSection
EndGlobal
